
Microsoft Visual Studio Solution File, Format Version 11.00
# Visual Studio 2010
Project("{8BC9CEB8-8B4A-11D0-8D11-00A0C91BC942}") = "actionExample", "actionExample\actionExample.vcxproj", "{A9B971FD-5BF6-4B8F-8722-7AF0B88BCE52}"
EndProject
Project("{8BC9CEB8-8B4A-11D0-8D11-00A0C91BC942}") = "actionGroupExample", "actionGroupExample\actionGroupExample.vcxproj", "{68333422-B958-436D-827F-74797FBED595}"
EndProject
Project("{8BC9CEB8-8B4A-11D0-8D11-00A0C91BC942}") = "actsColorFollowingExample", "actsColorFollowingExample\actsColorFollowingExample.vcxproj", "{A7814ADC-30A1-4C9D-BCAE-85701A87E060}"
EndProject
Project("{8BC9CEB8-8B4A-11D0-8D11-00A0C91BC942}") = "auxSerialExample", "auxSerialExample\auxSerialExample.vcxproj", "{905DB993-F195-4C52-886D-560D79587349}"
EndProject
Project("{8BC9CEB8-8B4A-11D0-8D11-00A0C91BC942}") = "configExample", "configExample\configExample.vcxproj", "{99A1D5F5-B84D-4E6B-801B-D9D284DD48F1}"
EndProject
Project("{8BC9CEB8-8B4A-11D0-8D11-00A0C91BC942}") = "directMotionExample", "directMotionExample\directMotionExample.vcxproj", "{05100953-D55C-4F38-8F07-D738AE5D4022}"
EndProject
Project("{8BC9CEB8-8B4A-11D0-8D11-00A0C91BC942}") = "functorExample", "functorExample\functorExample.vcxproj", "{845B5CC6-2CD2-4C97-922B-F6D331D5BFCD}"
EndProject
Project("{8BC9CEB8-8B4A-11D0-8D11-00A0C91BC942}") = "gotoActionExample", "gotoActionExample\gotoActionExample.vcxproj", "{2B46D278-3DEE-4EF7-A339-AEF894EAFE94}"
EndProject
Project("{8BC9CEB8-8B4A-11D0-8D11-00A0C91BC942}") = "gpsExample", "gpsExample\gpsExample.vcxproj", "{8EFA57A0-C289-4847-9CD6-136580751258}"
EndProject
Project("{8BC9CEB8-8B4A-11D0-8D11-00A0C91BC942}") = "gpsRobotTaskExample", "gpsRobotTaskExample\gpsRobotTaskExample.vcxproj", "{C5C8D42A-731E-4476-B284-1B1AD28BF680}"
EndProject
Project("{8BC9CEB8-8B4A-11D0-8D11-00A0C91BC942}") = "demo", "demo\demo.vcxproj", "{0BE685BE-D547-4E85-9186-BC3994DE260E}"
EndProject
Global
	GlobalSection(SolutionConfigurationPlatforms) = preSolution
		Debug|Mixed Platforms = Debug|Mixed Platforms
		Debug|Win32 = Debug|Win32
		Debug|x86 = Debug|x86
		Release|Mixed Platforms = Release|Mixed Platforms
		Release|Win32 = Release|Win32
		Release|x86 = Release|x86
	EndGlobalSection
	GlobalSection(ProjectConfigurationPlatforms) = postSolution
		{A9B971FD-5BF6-4B8F-8722-7AF0B88BCE52}.Debug|Mixed Platforms.ActiveCfg = Debug|Win32
		{A9B971FD-5BF6-4B8F-8722-7AF0B88BCE52}.Debug|Mixed Platforms.Build.0 = Debug|Win32
		{A9B971FD-5BF6-4B8F-8722-7AF0B88BCE52}.Debug|Win32.ActiveCfg = Debug|Win32
		{A9B971FD-5BF6-4B8F-8722-7AF0B88BCE52}.Debug|Win32.Build.0 = Debug|Win32
		{A9B971FD-5BF6-4B8F-8722-7AF0B88BCE52}.Debug|x86.ActiveCfg = Debug|Win32
		{A9B971FD-5BF6-4B8F-8722-7AF0B88BCE52}.Release|Mixed Platforms.ActiveCfg = Release|Win32
		{A9B971FD-5BF6-4B8F-8722-7AF0B88BCE52}.Release|Mixed Platforms.Build.0 = Release|Win32
		{A9B971FD-5BF6-4B8F-8722-7AF0B88BCE52}.Release|Win32.ActiveCfg = Release|Win32
		{A9B971FD-5BF6-4B8F-8722-7AF0B88BCE52}.Release|Win32.Build.0 = Release|Win32
		{A9B971FD-5BF6-4B8F-8722-7AF0B88BCE52}.Release|x86.ActiveCfg = Release|Win32
		{68333422-B958-436D-827F-74797FBED595}.Debug|Mixed Platforms.ActiveCfg = Debug|Win32
		{68333422-B958-436D-827F-74797FBED595}.Debug|Mixed Platforms.Build.0 = Debug|Win32
		{68333422-B958-436D-827F-74797FBED595}.Debug|Win32.ActiveCfg = Debug|Win32
		{68333422-B958-436D-827F-74797FBED595}.Debug|Win32.Build.0 = Debug|Win32
		{68333422-B958-436D-827F-74797FBED595}.Debug|x86.ActiveCfg = Debug|Win32
		{68333422-B958-436D-827F-74797FBED595}.Release|Mixed Platforms.ActiveCfg = Release|Win32
		{68333422-B958-436D-827F-74797FBED595}.Release|Mixed Platforms.Build.0 = Release|Win32
		{68333422-B958-436D-827F-74797FBED595}.Release|Win32.ActiveCfg = Release|Win32
		{68333422-B958-436D-827F-74797FBED595}.Release|Win32.Build.0 = Release|Win32
		{68333422-B958-436D-827F-74797FBED595}.Release|x86.ActiveCfg = Release|Win32
		{A7814ADC-30A1-4C9D-BCAE-85701A87E060}.Debug|Mixed Platforms.ActiveCfg = Debug|Win32
		{A7814ADC-30A1-4C9D-BCAE-85701A87E060}.Debug|Mixed Platforms.Build.0 = Debug|Win32
		{A7814ADC-30A1-4C9D-BCAE-85701A87E060}.Debug|Win32.ActiveCfg = Debug|Win32
		{A7814ADC-30A1-4C9D-BCAE-85701A87E060}.Debug|Win32.Build.0 = Debug|Win32
		{A7814ADC-30A1-4C9D-BCAE-85701A87E060}.Debug|x86.ActiveCfg = Debug|Win32
		{A7814ADC-30A1-4C9D-BCAE-85701A87E060}.Release|Mixed Platforms.ActiveCfg = Release|Win32
		{A7814ADC-30A1-4C9D-BCAE-85701A87E060}.Release|Mixed Platforms.Build.0 = Release|Win32
		{A7814ADC-30A1-4C9D-BCAE-85701A87E060}.Release|Win32.ActiveCfg = Release|Win32
		{A7814ADC-30A1-4C9D-BCAE-85701A87E060}.Release|Win32.Build.0 = Release|Win32
		{A7814ADC-30A1-4C9D-BCAE-85701A87E060}.Release|x86.ActiveCfg = Release|Win32
		{905DB993-F195-4C52-886D-560D79587349}.Debug|Mixed Platforms.ActiveCfg = Debug|Win32
		{905DB993-F195-4C52-886D-560D79587349}.Debug|Mixed Platforms.Build.0 = Debug|Win32
		{905DB993-F195-4C52-886D-560D79587349}.Debug|Win32.ActiveCfg = Debug|Win32
		{905DB993-F195-4C52-886D-560D79587349}.Debug|Win32.Build.0 = Debug|Win32
		{905DB993-F195-4C52-886D-560D79587349}.Debug|x86.ActiveCfg = Debug|Win32
		{905DB993-F195-4C52-886D-560D79587349}.Release|Mixed Platforms.ActiveCfg = Release|Win32
		{905DB993-F195-4C52-886D-560D79587349}.Release|Mixed Platforms.Build.0 = Release|Win32
		{905DB993-F195-4C52-886D-560D79587349}.Release|Win32.ActiveCfg = Release|Win32
		{905DB993-F195-4C52-886D-560D79587349}.Release|Win32.Build.0 = Release|Win32
		{905DB993-F195-4C52-886D-560D79587349}.Release|x86.ActiveCfg = Release|Win32
		{99A1D5F5-B84D-4E6B-801B-D9D284DD48F1}.Debug|Mixed Platforms.ActiveCfg = Debug|Win32
		{99A1D5F5-B84D-4E6B-801B-D9D284DD48F1}.Debug|Mixed Platforms.Build.0 = Debug|Win32
		{99A1D5F5-B84D-4E6B-801B-D9D284DD48F1}.Debug|Win32.ActiveCfg = Debug|Win32
		{99A1D5F5-B84D-4E6B-801B-D9D284DD48F1}.Debug|Win32.Build.0 = Debug|Win32
		{99A1D5F5-B84D-4E6B-801B-D9D284DD48F1}.Debug|x86.ActiveCfg = Debug|Win32
		{99A1D5F5-B84D-4E6B-801B-D9D284DD48F1}.Release|Mixed Platforms.ActiveCfg = Release|Win32
		{99A1D5F5-B84D-4E6B-801B-D9D284DD48F1}.Release|Mixed Platforms.Build.0 = Release|Win32
		{99A1D5F5-B84D-4E6B-801B-D9D284DD48F1}.Release|Win32.ActiveCfg = Release|Win32
		{99A1D5F5-B84D-4E6B-801B-D9D284DD48F1}.Release|Win32.Build.0 = Release|Win32
		{99A1D5F5-B84D-4E6B-801B-D9D284DD48F1}.Release|x86.ActiveCfg = Release|Win32
		{05100953-D55C-4F38-8F07-D738AE5D4022}.Debug|Mixed Platforms.ActiveCfg = Debug|Win32
		{05100953-D55C-4F38-8F07-D738AE5D4022}.Debug|Mixed Platforms.Build.0 = Debug|Win32
		{05100953-D55C-4F38-8F07-D738AE5D4022}.Debug|Win32.ActiveCfg = Debug|Win32
		{05100953-D55C-4F38-8F07-D738AE5D4022}.Debug|Win32.Build.0 = Debug|Win32
		{05100953-D55C-4F38-8F07-D738AE5D4022}.Debug|x86.ActiveCfg = Debug|Win32
		{05100953-D55C-4F38-8F07-D738AE5D4022}.Release|Mixed Platforms.ActiveCfg = Release|Win32
		{05100953-D55C-4F38-8F07-D738AE5D4022}.Release|Mixed Platforms.Build.0 = Release|Win32
		{05100953-D55C-4F38-8F07-D738AE5D4022}.Release|Win32.ActiveCfg = Release|Win32
		{05100953-D55C-4F38-8F07-D738AE5D4022}.Release|Win32.Build.0 = Release|Win32
		{05100953-D55C-4F38-8F07-D738AE5D4022}.Release|x86.ActiveCfg = Release|Win32
		{845B5CC6-2CD2-4C97-922B-F6D331D5BFCD}.Debug|Mixed Platforms.ActiveCfg = Debug|Win32
		{845B5CC6-2CD2-4C97-922B-F6D331D5BFCD}.Debug|Mixed Platforms.Build.0 = Debug|Win32
		{845B5CC6-2CD2-4C97-922B-F6D331D5BFCD}.Debug|Win32.ActiveCfg = Debug|Win32
		{845B5CC6-2CD2-4C97-922B-F6D331D5BFCD}.Debug|Win32.Build.0 = Debug|Win32
		{845B5CC6-2CD2-4C97-922B-F6D331D5BFCD}.Debug|x86.ActiveCfg = Debug|Win32
		{845B5CC6-2CD2-4C97-922B-F6D331D5BFCD}.Release|Mixed Platforms.ActiveCfg = Release|Win32
		{845B5CC6-2CD2-4C97-922B-F6D331D5BFCD}.Release|Mixed Platforms.Build.0 = Release|Win32
		{845B5CC6-2CD2-4C97-922B-F6D331D5BFCD}.Release|Win32.ActiveCfg = Release|Win32
		{845B5CC6-2CD2-4C97-922B-F6D331D5BFCD}.Release|Win32.Build.0 = Release|Win32
		{845B5CC6-2CD2-4C97-922B-F6D331D5BFCD}.Release|x86.ActiveCfg = Release|Win32
		{2B46D278-3DEE-4EF7-A339-AEF894EAFE94}.Debug|Mixed Platforms.ActiveCfg = Debug|Win32
		{2B46D278-3DEE-4EF7-A339-AEF894EAFE94}.Debug|Mixed Platforms.Build.0 = Debug|Win32
		{2B46D278-3DEE-4EF7-A339-AEF894EAFE94}.Debug|Win32.ActiveCfg = Debug|Win32
		{2B46D278-3DEE-4EF7-A339-AEF894EAFE94}.Debug|Win32.Build.0 = Debug|Win32
		{2B46D278-3DEE-4EF7-A339-AEF894EAFE94}.Debug|x86.ActiveCfg = Debug|Win32
		{2B46D278-3DEE-4EF7-A339-AEF894EAFE94}.Release|Mixed Platforms.ActiveCfg = Release|Win32
		{2B46D278-3DEE-4EF7-A339-AEF894EAFE94}.Release|Mixed Platforms.Build.0 = Release|Win32
		{2B46D278-3DEE-4EF7-A339-AEF894EAFE94}.Release|Win32.ActiveCfg = Release|Win32
		{2B46D278-3DEE-4EF7-A339-AEF894EAFE94}.Release|Win32.Build.0 = Release|Win32
		{2B46D278-3DEE-4EF7-A339-AEF894EAFE94}.Release|x86.ActiveCfg = Release|Win32
		{8EFA57A0-C289-4847-9CD6-136580751258}.Debug|Mixed Platforms.ActiveCfg = Debug|Win32
		{8EFA57A0-C289-4847-9CD6-136580751258}.Debug|Mixed Platforms.Build.0 = Debug|Win32
		{8EFA57A0-C289-4847-9CD6-136580751258}.Debug|Win32.ActiveCfg = Debug|Win32
		{8EFA57A0-C289-4847-9CD6-136580751258}.Debug|Win32.Build.0 = Debug|Win32
		{8EFA57A0-C289-4847-9CD6-136580751258}.Debug|x86.ActiveCfg = Debug|Win32
		{8EFA57A0-C289-4847-9CD6-136580751258}.Release|Mixed Platforms.ActiveCfg = Release|Win32
		{8EFA57A0-C289-4847-9CD6-136580751258}.Release|Mixed Platforms.Build.0 = Release|Win32
		{8EFA57A0-C289-4847-9CD6-136580751258}.Release|Win32.ActiveCfg = Release|Win32
		{8EFA57A0-C289-4847-9CD6-136580751258}.Release|Win32.Build.0 = Release|Win32
		{8EFA57A0-C289-4847-9CD6-136580751258}.Release|x86.ActiveCfg = Release|Win32
		{C5C8D42A-731E-4476-B284-1B1AD28BF680}.Debug|Mixed Platforms.ActiveCfg = Debug|Win32
		{C5C8D42A-731E-4476-B284-1B1AD28BF680}.Debug|Mixed Platforms.Build.0 = Debug|Win32
		{C5C8D42A-731E-4476-B284-1B1AD28BF680}.Debug|Win32.ActiveCfg = Debug|Win32
		{C5C8D42A-731E-4476-B284-1B1AD28BF680}.Debug|Win32.Build.0 = Debug|Win32
		{C5C8D42A-731E-4476-B284-1B1AD28BF680}.Debug|x86.ActiveCfg = Debug|Win32
		{C5C8D42A-731E-4476-B284-1B1AD28BF680}.Release|Mixed Platforms.ActiveCfg = Release|Win32
		{C5C8D42A-731E-4476-B284-1B1AD28BF680}.Release|Mixed Platforms.Build.0 = Release|Win32
		{C5C8D42A-731E-4476-B284-1B1AD28BF680}.Release|Win32.ActiveCfg = Release|Win32
		{C5C8D42A-731E-4476-B284-1B1AD28BF680}.Release|Win32.Build.0 = Release|Win32
		{C5C8D42A-731E-4476-B284-1B1AD28BF680}.Release|x86.ActiveCfg = Release|Win32
		{0BE685BE-D547-4E85-9186-BC3994DE260E}.Debug|Mixed Platforms.ActiveCfg = Debug|Win32
		{0BE685BE-D547-4E85-9186-BC3994DE260E}.Debug|Mixed Platforms.Build.0 = Debug|Win32
		{0BE685BE-D547-4E85-9186-BC3994DE260E}.Debug|Win32.ActiveCfg = Debug|Win32
		{0BE685BE-D547-4E85-9186-BC3994DE260E}.Debug|Win32.Build.0 = Debug|Win32
		{0BE685BE-D547-4E85-9186-BC3994DE260E}.Debug|x86.ActiveCfg = Debug|Win32
		{0BE685BE-D547-4E85-9186-BC3994DE260E}.Release|Mixed Platforms.ActiveCfg = Release|Win32
		{0BE685BE-D547-4E85-9186-BC3994DE260E}.Release|Mixed Platforms.Build.0 = Release|Win32
		{0BE685BE-D547-4E85-9186-BC3994DE260E}.Release|Win32.ActiveCfg = Release|Win32
		{0BE685BE-D547-4E85-9186-BC3994DE260E}.Release|Win32.Build.0 = Release|Win32
		{0BE685BE-D547-4E85-9186-BC3994DE260E}.Release|x86.ActiveCfg = Release|Win32
	EndGlobalSection
	GlobalSection(SolutionProperties) = preSolution
		HideSolutionNode = FALSE
	EndGlobalSection
EndGlobal
