
Microsoft Visual Studio Solution File, Format Version 11.00
# Visual Studio 2010
Project("{8BC9CEB8-8B4A-11D0-8D11-00A0C91BC942}") = "MFCExcercise", "MFCExcercise\MFCExcercise.vcxproj", "{90CB389E-DE67-48ED-977D-EA6E176D1464}"
EndProject
Global
	GlobalSection(SolutionConfigurationPlatforms) = preSolution
		Debug|Win32 = Debug|Win32
		Release|Win32 = Release|Win32
	EndGlobalSection
	GlobalSection(ProjectConfigurationPlatforms) = postSolution
		{90CB389E-DE67-48ED-977D-EA6E176D1464}.Debug|Win32.ActiveCfg = Debug|Win32
		{90CB389E-DE67-48ED-977D-EA6E176D1464}.Debug|Win32.Build.0 = Debug|Win32
		{90CB389E-DE67-48ED-977D-EA6E176D1464}.Release|Win32.ActiveCfg = Release|Win32
		{90CB389E-DE67-48ED-977D-EA6E176D1464}.Release|Win32.Build.0 = Release|Win32
	EndGlobalSection
	GlobalSection(SolutionProperties) = preSolution
		HideSolutionNode = FALSE
	EndGlobalSection
EndGlobal
